// !$*UTF8*$!
{
	archiveVersion = 1;
	classes = {
	};
	objectVersion = 50;
	objects = {

/* Begin PBXBuildFile section */
		800D3BA622056A3A0033D171 /* AppDelegate.swift in Sources */ = {isa = PBXBuildFile; fileRef = 800D3BA522056A3A0033D171 /* AppDelegate.swift */; };
		800D3BA822056A3A0033D171 /* ViewController.swift in Sources */ = {isa = PBXBuildFile; fileRef = 800D3BA722056A3A0033D171 /* ViewController.swift */; };
		800D3BAB22056A3A0033D171 /* Main.storyboard in Resources */ = {isa = PBXBuildFile; fileRef = 800D3BA922056A3A0033D171 /* Main.storyboard */; };
		800D3BAE22056A3A0033D171 /* custom_uikit_ios.xcdatamodeld in Sources */ = {isa = PBXBuildFile; fileRef = 800D3BAC22056A3A0033D171 /* custom_uikit_ios.xcdatamodeld */; };
		800D3BB022056A3D0033D171 /* Assets.xcassets in Resources */ = {isa = PBXBuildFile; fileRef = 800D3BAF22056A3D0033D171 /* Assets.xcassets */; };
		800D3BB322056A3D0033D171 /* LaunchScreen.storyboard in Resources */ = {isa = PBXBuildFile; fileRef = 800D3BB122056A3D0033D171 /* LaunchScreen.storyboard */; };
		800D3BBE22056A3D0033D171 /* custom_uikit_iosTests.swift in Sources */ = {isa = PBXBuildFile; fileRef = 800D3BBD22056A3D0033D171 /* custom_uikit_iosTests.swift */; };
		800D3BC922056A3D0033D171 /* custom_uikit_iosUITests.swift in Sources */ = {isa = PBXBuildFile; fileRef = 800D3BC822056A3D0033D171 /* custom_uikit_iosUITests.swift */; };
		800D3BDE22056C6A0033D171 /* SplashScreenViewController.swift in Sources */ = {isa = PBXBuildFile; fileRef = 800D3BDC22056C6A0033D171 /* SplashScreenViewController.swift */; };
		800D3BDF22056C6A0033D171 /* SplashScreenViewController.xib in Resources */ = {isa = PBXBuildFile; fileRef = 800D3BDD22056C6A0033D171 /* SplashScreenViewController.xib */; };
		800D3BE6220571E30033D171 /* SnapKit.framework in Frameworks */ = {isa = PBXBuildFile; fileRef = 800D3BE5220571E30033D171 /* SnapKit.framework */; };
		800D3BEF22057AD70033D171 /* ListComponentViewController.swift in Sources */ = {isa = PBXBuildFile; fileRef = 800D3BED22057AD70033D171 /* ListComponentViewController.swift */; };
		800D3BF022057AD70033D171 /* ListComponentViewController.xib in Resources */ = {isa = PBXBuildFile; fileRef = 800D3BEE22057AD70033D171 /* ListComponentViewController.xib */; };
		800D3BF3220582DD0033D171 /* HardCodeData.swift in Sources */ = {isa = PBXBuildFile; fileRef = 800D3BF2220582DD0033D171 /* HardCodeData.swift */; };
/* End PBXBuildFile section */

/* Begin PBXContainerItemProxy section */
		800D3BBA22056A3D0033D171 /* PBXContainerItemProxy */ = {
			isa = PBXContainerItemProxy;
			containerPortal = 800D3B9A22056A3A0033D171 /* Project object */;
			proxyType = 1;
			remoteGlobalIDString = 800D3BA122056A3A0033D171;
			remoteInfo = "custom-uikit-ios";
		};
		800D3BC522056A3D0033D171 /* PBXContainerItemProxy */ = {
			isa = PBXContainerItemProxy;
			containerPortal = 800D3B9A22056A3A0033D171 /* Project object */;
			proxyType = 1;
			remoteGlobalIDString = 800D3BA122056A3A0033D171;
			remoteInfo = "custom-uikit-ios";
		};
/* End PBXContainerItemProxy section */

/* Begin PBXFileReference section */
		800D3BA222056A3A0033D171 /* custom-uikit-ios.app */ = {isa = PBXFileReference; explicitFileType = wrapper.application; includeInIndex = 0; path = "custom-uikit-ios.app"; sourceTree = BUILT_PRODUCTS_DIR; };
		800D3BA522056A3A0033D171 /* AppDelegate.swift */ = {isa = PBXFileReference; lastKnownFileType = sourcecode.swift; path = AppDelegate.swift; sourceTree = "<group>"; };
		800D3BA722056A3A0033D171 /* ViewController.swift */ = {isa = PBXFileReference; lastKnownFileType = sourcecode.swift; path = ViewController.swift; sourceTree = "<group>"; };
		800D3BAA22056A3A0033D171 /* Base */ = {isa = PBXFileReference; lastKnownFileType = file.storyboard; name = Base; path = Base.lproj/Main.storyboard; sourceTree = "<group>"; };
		800D3BAD22056A3A0033D171 /* custom_uikit_ios.xcdatamodel */ = {isa = PBXFileReference; lastKnownFileType = wrapper.xcdatamodel; path = custom_uikit_ios.xcdatamodel; sourceTree = "<group>"; };
		800D3BAF22056A3D0033D171 /* Assets.xcassets */ = {isa = PBXFileReference; lastKnownFileType = folder.assetcatalog; path = Assets.xcassets; sourceTree = "<group>"; };
		800D3BB222056A3D0033D171 /* Base */ = {isa = PBXFileReference; lastKnownFileType = file.storyboard; name = Base; path = Base.lproj/LaunchScreen.storyboard; sourceTree = "<group>"; };
		800D3BB422056A3D0033D171 /* Info.plist */ = {isa = PBXFileReference; lastKnownFileType = text.plist.xml; path = Info.plist; sourceTree = "<group>"; };
		800D3BB922056A3D0033D171 /* custom-uikit-iosTests.xctest */ = {isa = PBXFileReference; explicitFileType = wrapper.cfbundle; includeInIndex = 0; path = "custom-uikit-iosTests.xctest"; sourceTree = BUILT_PRODUCTS_DIR; };
		800D3BBD22056A3D0033D171 /* custom_uikit_iosTests.swift */ = {isa = PBXFileReference; lastKnownFileType = sourcecode.swift; path = custom_uikit_iosTests.swift; sourceTree = "<group>"; };
		800D3BBF22056A3D0033D171 /* Info.plist */ = {isa = PBXFileReference; lastKnownFileType = text.plist.xml; path = Info.plist; sourceTree = "<group>"; };
		800D3BC422056A3D0033D171 /* custom-uikit-iosUITests.xctest */ = {isa = PBXFileReference; explicitFileType = wrapper.cfbundle; includeInIndex = 0; path = "custom-uikit-iosUITests.xctest"; sourceTree = BUILT_PRODUCTS_DIR; };
		800D3BC822056A3D0033D171 /* custom_uikit_iosUITests.swift */ = {isa = PBXFileReference; lastKnownFileType = sourcecode.swift; path = custom_uikit_iosUITests.swift; sourceTree = "<group>"; };
		800D3BCA22056A3D0033D171 /* Info.plist */ = {isa = PBXFileReference; lastKnownFileType = text.plist.xml; path = Info.plist; sourceTree = "<group>"; };
		800D3BDC22056C6A0033D171 /* SplashScreenViewController.swift */ = {isa = PBXFileReference; lastKnownFileType = sourcecode.swift; path = SplashScreenViewController.swift; sourceTree = "<group>"; };
		800D3BDD22056C6A0033D171 /* SplashScreenViewController.xib */ = {isa = PBXFileReference; lastKnownFileType = file.xib; path = SplashScreenViewController.xib; sourceTree = "<group>"; };
		800D3BE5220571E30033D171 /* SnapKit.framework */ = {isa = PBXFileReference; lastKnownFileType = wrapper.framework; name = SnapKit.framework; path = Carthage/Build/iOS/SnapKit.framework; sourceTree = "<group>"; };
		800D3BED22057AD70033D171 /* ListComponentViewController.swift */ = {isa = PBXFileReference; lastKnownFileType = sourcecode.swift; path = ListComponentViewController.swift; sourceTree = "<group>"; };
		800D3BEE22057AD70033D171 /* ListComponentViewController.xib */ = {isa = PBXFileReference; lastKnownFileType = file.xib; path = ListComponentViewController.xib; sourceTree = "<group>"; };
		800D3BF2220582DD0033D171 /* HardCodeData.swift */ = {isa = PBXFileReference; lastKnownFileType = sourcecode.swift; path = HardCodeData.swift; sourceTree = "<group>"; };
/* End PBXFileReference section */

/* Begin PBXFrameworksBuildPhase section */
		800D3B9F22056A3A0033D171 /* Frameworks */ = {
			isa = PBXFrameworksBuildPhase;
			buildActionMask = 2147483647;
			files = (
				800D3BE6220571E30033D171 /* SnapKit.framework in Frameworks */,
			);
			runOnlyForDeploymentPostprocessing = 0;
		};
		800D3BB622056A3D0033D171 /* Frameworks */ = {
			isa = PBXFrameworksBuildPhase;
			buildActionMask = 2147483647;
			files = (
			);
			runOnlyForDeploymentPostprocessing = 0;
		};
		800D3BC122056A3D0033D171 /* Frameworks */ = {
			isa = PBXFrameworksBuildPhase;
			buildActionMask = 2147483647;
			files = (
			);
			runOnlyForDeploymentPostprocessing = 0;
		};
/* End PBXFrameworksBuildPhase section */

/* Begin PBXGroup section */
		800D3B9922056A3A0033D171 = {
			isa = PBXGroup;
			children = (
				800D3BA422056A3A0033D171 /* custom-uikit-ios */,
				800D3BBC22056A3D0033D171 /* custom-uikit-iosTests */,
				800D3BC722056A3D0033D171 /* custom-uikit-iosUITests */,
				800D3BA322056A3A0033D171 /* Products */,
				800D3BE4220571E20033D171 /* Frameworks */,
			);
			sourceTree = "<group>";
		};
		800D3BA322056A3A0033D171 /* Products */ = {
			isa = PBXGroup;
			children = (
				800D3BA222056A3A0033D171 /* custom-uikit-ios.app */,
				800D3BB922056A3D0033D171 /* custom-uikit-iosTests.xctest */,
				800D3BC422056A3D0033D171 /* custom-uikit-iosUITests.xctest */,
			);
			name = Products;
			sourceTree = "<group>";
		};
		800D3BA422056A3A0033D171 /* custom-uikit-ios */ = {
			isa = PBXGroup;
			children = (
				800D3BD722056A9D0033D171 /* Feature */,
				800D3BD622056A940033D171 /* Domainless */,
				800D3BA722056A3A0033D171 /* ViewController.swift */,
				800D3BA922056A3A0033D171 /* Main.storyboard */,
				800D3BAF22056A3D0033D171 /* Assets.xcassets */,
				800D3BB422056A3D0033D171 /* Info.plist */,
				800D3BAC22056A3A0033D171 /* custom_uikit_ios.xcdatamodeld */,
			);
			path = "custom-uikit-ios";
			sourceTree = "<group>";
		};
		800D3BBC22056A3D0033D171 /* custom-uikit-iosTests */ = {
			isa = PBXGroup;
			children = (
				800D3BBD22056A3D0033D171 /* custom_uikit_iosTests.swift */,
				800D3BBF22056A3D0033D171 /* Info.plist */,
			);
			path = "custom-uikit-iosTests";
			sourceTree = "<group>";
		};
		800D3BC722056A3D0033D171 /* custom-uikit-iosUITests */ = {
			isa = PBXGroup;
			children = (
				800D3BC822056A3D0033D171 /* custom_uikit_iosUITests.swift */,
				800D3BCA22056A3D0033D171 /* Info.plist */,
			);
			path = "custom-uikit-iosUITests";
			sourceTree = "<group>";
		};
		800D3BD622056A940033D171 /* Domainless */ = {
			isa = PBXGroup;
			children = (
				800D3BF1220582BC0033D171 /* Model */,
				800D3BD922056ABA0033D171 /* Extention */,
				800D3BD822056AAD0033D171 /* View */,
			);
			path = Domainless;
			sourceTree = "<group>";
		};
		800D3BD722056A9D0033D171 /* Feature */ = {
			isa = PBXGroup;
			children = (
				800D3BE022056DDA0033D171 /* ListComponent */,
				800D3BDB22056AEC0033D171 /* SplashScreen */,
				800D3BDA22056ADA0033D171 /* ApplicationEntry */,
			);
			path = Feature;
			sourceTree = "<group>";
		};
		800D3BD822056AAD0033D171 /* View */ = {
			isa = PBXGroup;
			children = (
			);
			path = View;
			sourceTree = "<group>";
		};
		800D3BD922056ABA0033D171 /* Extention */ = {
			isa = PBXGroup;
			children = (
			);
			path = Extention;
			sourceTree = "<group>";
		};
		800D3BDA22056ADA0033D171 /* ApplicationEntry */ = {
			isa = PBXGroup;
			children = (
				800D3BB122056A3D0033D171 /* LaunchScreen.storyboard */,
				800D3BA522056A3A0033D171 /* AppDelegate.swift */,
			);
			path = ApplicationEntry;
			sourceTree = "<group>";
		};
		800D3BDB22056AEC0033D171 /* SplashScreen */ = {
			isa = PBXGroup;
			children = (
				800D3BDC22056C6A0033D171 /* SplashScreenViewController.swift */,
				800D3BDD22056C6A0033D171 /* SplashScreenViewController.xib */,
			);
			path = SplashScreen;
			sourceTree = "<group>";
		};
		800D3BE022056DDA0033D171 /* ListComponent */ = {
			isa = PBXGroup;
			children = (
				800D3BED22057AD70033D171 /* ListComponentViewController.swift */,
				800D3BEE22057AD70033D171 /* ListComponentViewController.xib */,
			);
			path = ListComponent;
			sourceTree = "<group>";
		};
		800D3BE4220571E20033D171 /* Frameworks */ = {
			isa = PBXGroup;
			children = (
				800D3BE5220571E30033D171 /* SnapKit.framework */,
			);
			name = Frameworks;
			sourceTree = "<group>";
		};
		800D3BF1220582BC0033D171 /* Model */ = {
			isa = PBXGroup;
			children = (
				800D3BF2220582DD0033D171 /* HardCodeData.swift */,
			);
			path = Model;
			sourceTree = "<group>";
		};
/* End PBXGroup section */

/* Begin PBXNativeTarget section */
		800D3BA122056A3A0033D171 /* custom-uikit-ios */ = {
			isa = PBXNativeTarget;
			buildConfigurationList = 800D3BCD22056A3D0033D171 /* Build configuration list for PBXNativeTarget "custom-uikit-ios" */;
			buildPhases = (
				800D3B9E22056A3A0033D171 /* Sources */,
				800D3B9F22056A3A0033D171 /* Frameworks */,
				800D3BA022056A3A0033D171 /* Resources */,
				800D3BE322056EA90033D171 /* Carthage */,
			);
			buildRules = (
			);
			dependencies = (
			);
			name = "custom-uikit-ios";
			productName = "custom-uikit-ios";
			productReference = 800D3BA222056A3A0033D171 /* custom-uikit-ios.app */;
			productType = "com.apple.product-type.application";
		};
		800D3BB822056A3D0033D171 /* custom-uikit-iosTests */ = {
			isa = PBXNativeTarget;
			buildConfigurationList = 800D3BD022056A3D0033D171 /* Build configuration list for PBXNativeTarget "custom-uikit-iosTests" */;
			buildPhases = (
				800D3BB522056A3D0033D171 /* Sources */,
				800D3BB622056A3D0033D171 /* Frameworks */,
				800D3BB722056A3D0033D171 /* Resources */,
			);
			buildRules = (
			);
			dependencies = (
				800D3BBB22056A3D0033D171 /* PBXTargetDependency */,
			);
			name = "custom-uikit-iosTests";
			productName = "custom-uikit-iosTests";
			productReference = 800D3BB922056A3D0033D171 /* custom-uikit-iosTests.xctest */;
			productType = "com.apple.product-type.bundle.unit-test";
		};
		800D3BC322056A3D0033D171 /* custom-uikit-iosUITests */ = {
			isa = PBXNativeTarget;
			buildConfigurationList = 800D3BD322056A3D0033D171 /* Build configuration list for PBXNativeTarget "custom-uikit-iosUITests" */;
			buildPhases = (
				800D3BC022056A3D0033D171 /* Sources */,
				800D3BC122056A3D0033D171 /* Frameworks */,
				800D3BC222056A3D0033D171 /* Resources */,
			);
			buildRules = (
			);
			dependencies = (
				800D3BC622056A3D0033D171 /* PBXTargetDependency */,
			);
			name = "custom-uikit-iosUITests";
			productName = "custom-uikit-iosUITests";
			productReference = 800D3BC422056A3D0033D171 /* custom-uikit-iosUITests.xctest */;
			productType = "com.apple.product-type.bundle.ui-testing";
		};
/* End PBXNativeTarget section */

/* Begin PBXProject section */
		800D3B9A22056A3A0033D171 /* Project object */ = {
			isa = PBXProject;
			attributes = {
				LastSwiftUpdateCheck = 0940;
				LastUpgradeCheck = 0940;
				ORGANIZATIONNAME = "-";
				TargetAttributes = {
					800D3BA122056A3A0033D171 = {
						CreatedOnToolsVersion = 9.4.1;
					};
					800D3BB822056A3D0033D171 = {
						CreatedOnToolsVersion = 9.4.1;
						TestTargetID = 800D3BA122056A3A0033D171;
					};
					800D3BC322056A3D0033D171 = {
						CreatedOnToolsVersion = 9.4.1;
						TestTargetID = 800D3BA122056A3A0033D171;
					};
				};
			};
			buildConfigurationList = 800D3B9D22056A3A0033D171 /* Build configuration list for PBXProject "custom-uikit-ios" */;
			compatibilityVersion = "Xcode 9.3";
			developmentRegion = en;
			hasScannedForEncodings = 0;
			knownRegions = (
				en,
				Base,
			);
			mainGroup = 800D3B9922056A3A0033D171;
			productRefGroup = 800D3BA322056A3A0033D171 /* Products */;
			projectDirPath = "";
			projectRoot = "";
			targets = (
				800D3BA122056A3A0033D171 /* custom-uikit-ios */,
				800D3BB822056A3D0033D171 /* custom-uikit-iosTests */,
				800D3BC322056A3D0033D171 /* custom-uikit-iosUITests */,
			);
		};
/* End PBXProject section */

/* Begin PBXResourcesBuildPhase section */
		800D3BA022056A3A0033D171 /* Resources */ = {
			isa = PBXResourcesBuildPhase;
			buildActionMask = 2147483647;
			files = (
				800D3BB322056A3D0033D171 /* LaunchScreen.storyboard in Resources */,
				800D3BDF22056C6A0033D171 /* SplashScreenViewController.xib in Resources */,
				800D3BF022057AD70033D171 /* ListComponentViewController.xib in Resources */,
				800D3BB022056A3D0033D171 /* Assets.xcassets in Resources */,
				800D3BAB22056A3A0033D171 /* Main.storyboard in Resources */,
			);
			runOnlyForDeploymentPostprocessing = 0;
		};
		800D3BB722056A3D0033D171 /* Resources */ = {
			isa = PBXResourcesBuildPhase;
			buildActionMask = 2147483647;
			files = (
			);
			runOnlyForDeploymentPostprocessing = 0;
		};
		800D3BC222056A3D0033D171 /* Resources */ = {
			isa = PBXResourcesBuildPhase;
			buildActionMask = 2147483647;
			files = (
			);
			runOnlyForDeploymentPostprocessing = 0;
		};
/* End PBXResourcesBuildPhase section */

/* Begin PBXShellScriptBuildPhase section */
		800D3BE322056EA90033D171 /* Carthage */ = {
			isa = PBXShellScriptBuildPhase;
			buildActionMask = 2147483647;
			files = (
			);
			inputPaths = (
				"$(SRCROOT)/Carthage/Build/iOS/SnapKit.framework",
			);
			name = Carthage;
			outputPaths = (
				"$(BUILT_PRODUCTS_DIR)/$(FRAMEWORKS_FOLDER_PATH)/SnapKit.framework",
			);
			runOnlyForDeploymentPostprocessing = 0;
			shellPath = /bin/sh;
			shellScript = "/usr/local/bin/carthage copy-frameworks";
		};
/* End PBXShellScriptBuildPhase section */

/* Begin PBXSourcesBuildPhase section */
		800D3B9E22056A3A0033D171 /* Sources */ = {
			isa = PBXSourcesBuildPhase;
			buildActionMask = 2147483647;
			files = (
				800D3BA822056A3A0033D171 /* ViewController.swift in Sources */,
				800D3BAE22056A3A0033D171 /* custom_uikit_ios.xcdatamodeld in Sources */,
				800D3BEF22057AD70033D171 /* ListComponentViewController.swift in Sources */,
				800D3BF3220582DD0033D171 /* HardCodeData.swift in Sources */,
				800D3BDE22056C6A0033D171 /* SplashScreenViewController.swift in Sources */,
				800D3BA622056A3A0033D171 /* AppDelegate.swift in Sources */,
			);
			runOnlyForDeploymentPostprocessing = 0;
		};
		800D3BB522056A3D0033D171 /* Sources */ = {
			isa = PBXSourcesBuildPhase;
			buildActionMask = 2147483647;
			files = (
				800D3BBE22056A3D0033D171 /* custom_uikit_iosTests.swift in Sources */,
			);
			runOnlyForDeploymentPostprocessing = 0;
		};
		800D3BC022056A3D0033D171 /* Sources */ = {
			isa = PBXSourcesBuildPhase;
			buildActionMask = 2147483647;
			files = (
				800D3BC922056A3D0033D171 /* custom_uikit_iosUITests.swift in Sources */,
			);
			runOnlyForDeploymentPostprocessing = 0;
		};
/* End PBXSourcesBuildPhase section */

/* Begin PBXTargetDependency section */
		800D3BBB22056A3D0033D171 /* PBXTargetDependency */ = {
			isa = PBXTargetDependency;
			target = 800D3BA122056A3A0033D171 /* custom-uikit-ios */;
			targetProxy = 800D3BBA22056A3D0033D171 /* PBXContainerItemProxy */;
		};
		800D3BC622056A3D0033D171 /* PBXTargetDependency */ = {
			isa = PBXTargetDependency;
			target = 800D3BA122056A3A0033D171 /* custom-uikit-ios */;
			targetProxy = 800D3BC522056A3D0033D171 /* PBXContainerItemProxy */;
		};
/* End PBXTargetDependency section */

/* Begin PBXVariantGroup section */
		800D3BA922056A3A0033D171 /* Main.storyboard */ = {
			isa = PBXVariantGroup;
			children = (
				800D3BAA22056A3A0033D171 /* Base */,
			);
			name = Main.storyboard;
			sourceTree = "<group>";
		};
		800D3BB122056A3D0033D171 /* LaunchScreen.storyboard */ = {
			isa = PBXVariantGroup;
			children = (
				800D3BB222056A3D0033D171 /* Base */,
			);
			name = LaunchScreen.storyboard;
			sourceTree = "<group>";
		};
/* End PBXVariantGroup section */

/* Begin XCBuildConfiguration section */
		800D3BCB22056A3D0033D171 /* Debug */ = {
			isa = XCBuildConfiguration;
			buildSettings = {
				ALWAYS_SEARCH_USER_PATHS = NO;
				CLANG_ANALYZER_NONNULL = YES;
				CLANG_ANALYZER_NUMBER_OBJECT_CONVERSION = YES_AGGRESSIVE;
				CLANG_CXX_LANGUAGE_STANDARD = "gnu++14";
				CLANG_CXX_LIBRARY = "libc++";
				CLANG_ENABLE_MODULES = YES;
				CLANG_ENABLE_OBJC_ARC = YES;
				CLANG_ENABLE_OBJC_WEAK = YES;
				CLANG_WARN_BLOCK_CAPTURE_AUTORELEASING = YES;
				CLANG_WARN_BOOL_CONVERSION = YES;
				CLANG_WARN_COMMA = YES;
				CLANG_WARN_CONSTANT_CONVERSION = YES;
				CLANG_WARN_DEPRECATED_OBJC_IMPLEMENTATIONS = YES;
				CLANG_WARN_DIRECT_OBJC_ISA_USAGE = YES_ERROR;
				CLANG_WARN_DOCUMENTATION_COMMENTS = YES;
				CLANG_WARN_EMPTY_BODY = YES;
				CLANG_WARN_ENUM_CONVERSION = YES;
				CLANG_WARN_INFINITE_RECURSION = YES;
				CLANG_WARN_INT_CONVERSION = YES;
				CLANG_WARN_NON_LITERAL_NULL_CONVERSION = YES;
				CLANG_WARN_OBJC_IMPLICIT_RETAIN_SELF = YES;
				CLANG_WARN_OBJC_LITERAL_CONVERSION = YES;
				CLANG_WARN_OBJC_ROOT_CLASS = YES_ERROR;
				CLANG_WARN_RANGE_LOOP_ANALYSIS = YES;
				CLANG_WARN_STRICT_PROTOTYPES = YES;
				CLANG_WARN_SUSPICIOUS_MOVE = YES;
				CLANG_WARN_UNGUARDED_AVAILABILITY = YES_AGGRESSIVE;
				CLANG_WARN_UNREACHABLE_CODE = YES;
				CLANG_WARN__DUPLICATE_METHOD_MATCH = YES;
				CODE_SIGN_IDENTITY = "iPhone Developer";
				COPY_PHASE_STRIP = NO;
				DEBUG_INFORMATION_FORMAT = dwarf;
				ENABLE_STRICT_OBJC_MSGSEND = YES;
				ENABLE_TESTABILITY = YES;
				GCC_C_LANGUAGE_STANDARD = gnu11;
				GCC_DYNAMIC_NO_PIC = NO;
				GCC_NO_COMMON_BLOCKS = YES;
				GCC_OPTIMIZATION_LEVEL = 0;
				GCC_PREPROCESSOR_DEFINITIONS = (
					"DEBUG=1",
					"$(inherited)",
				);
				GCC_WARN_64_TO_32_BIT_CONVERSION = YES;
				GCC_WARN_ABOUT_RETURN_TYPE = YES_ERROR;
				GCC_WARN_UNDECLARED_SELECTOR = YES;
				GCC_WARN_UNINITIALIZED_AUTOS = YES_AGGRESSIVE;
				GCC_WARN_UNUSED_FUNCTION = YES;
				GCC_WARN_UNUSED_VARIABLE = YES;
				IPHONEOS_DEPLOYMENT_TARGET = 11.4;
				MTL_ENABLE_DEBUG_INFO = YES;
				ONLY_ACTIVE_ARCH = YES;
				SDKROOT = iphoneos;
				SWIFT_ACTIVE_COMPILATION_CONDITIONS = DEBUG;
				SWIFT_OPTIMIZATION_LEVEL = "-Onone";
			};
			name = Debug;
		};
		800D3BCC22056A3D0033D171 /* Release */ = {
			isa = XCBuildConfiguration;
			buildSettings = {
				ALWAYS_SEARCH_USER_PATHS = NO;
				CLANG_ANALYZER_NONNULL = YES;
				CLANG_ANALYZER_NUMBER_OBJECT_CONVERSION = YES_AGGRESSIVE;
				CLANG_CXX_LANGUAGE_STANDARD = "gnu++14";
				CLANG_CXX_LIBRARY = "libc++";
				CLANG_ENABLE_MODULES = YES;
				CLANG_ENABLE_OBJC_ARC = YES;
				CLANG_ENABLE_OBJC_WEAK = YES;
				CLANG_WARN_BLOCK_CAPTURE_AUTORELEASING = YES;
				CLANG_WARN_BOOL_CONVERSION = YES;
				CLANG_WARN_COMMA = YES;
				CLANG_WARN_CONSTANT_CONVERSION = YES;
				CLANG_WARN_DEPRECATED_OBJC_IMPLEMENTATIONS = YES;
				CLANG_WARN_DIRECT_OBJC_ISA_USAGE = YES_ERROR;
				CLANG_WARN_DOCUMENTATION_COMMENTS = YES;
				CLANG_WARN_EMPTY_BODY = YES;
				CLANG_WARN_ENUM_CONVERSION = YES;
				CLANG_WARN_INFINITE_RECURSION = YES;
				CLANG_WARN_INT_CONVERSION = YES;
				CLANG_WARN_NON_LITERAL_NULL_CONVERSION = YES;
				CLANG_WARN_OBJC_IMPLICIT_RETAIN_SELF = YES;
				CLANG_WARN_OBJC_LITERAL_CONVERSION = YES;
				CLANG_WARN_OBJC_ROOT_CLASS = YES_ERROR;
				CLANG_WARN_RANGE_LOOP_ANALYSIS = YES;
				CLANG_WARN_STRICT_PROTOTYPES = YES;
				CLANG_WARN_SUSPICIOUS_MOVE = YES;
				CLANG_WARN_UNGUARDED_AVAILABILITY = YES_AGGRESSIVE;
				CLANG_WARN_UNREACHABLE_CODE = YES;
				CLANG_WARN__DUPLICATE_METHOD_MATCH = YES;
				CODE_SIGN_IDENTITY = "iPhone Developer";
				COPY_PHASE_STRIP = NO;
				DEBUG_INFORMATION_FORMAT = "dwarf-with-dsym";
				ENABLE_NS_ASSERTIONS = NO;
				ENABLE_STRICT_OBJC_MSGSEND = YES;
				GCC_C_LANGUAGE_STANDARD = gnu11;
				GCC_NO_COMMON_BLOCKS = YES;
				GCC_WARN_64_TO_32_BIT_CONVERSION = YES;
				GCC_WARN_ABOUT_RETURN_TYPE = YES_ERROR;
				GCC_WARN_UNDECLARED_SELECTOR = YES;
				GCC_WARN_UNINITIALIZED_AUTOS = YES_AGGRESSIVE;
				GCC_WARN_UNUSED_FUNCTION = YES;
				GCC_WARN_UNUSED_VARIABLE = YES;
				IPHONEOS_DEPLOYMENT_TARGET = 11.4;
				MTL_ENABLE_DEBUG_INFO = NO;
				SDKROOT = iphoneos;
				SWIFT_COMPILATION_MODE = wholemodule;
				SWIFT_OPTIMIZATION_LEVEL = "-O";
				VALIDATE_PRODUCT = YES;
			};
			name = Release;
		};
		800D3BCE22056A3D0033D171 /* Debug */ = {
			isa = XCBuildConfiguration;
			buildSettings = {
				ASSETCATALOG_COMPILER_APPICON_NAME = AppIcon;
				CODE_SIGN_STYLE = Automatic;
				DEVELOPMENT_TEAM = UB34286TT5;
				FRAMEWORK_SEARCH_PATHS = (
					"$(inherited)",
					"$(PROJECT_DIR)/Carthage/Build/iOS",
				);
				INFOPLIST_FILE = "custom-uikit-ios/Info.plist";
				LD_RUNPATH_SEARCH_PATHS = (
					"$(inherited)",
					"@executable_path/Frameworks",
				);
				PRODUCT_BUNDLE_IDENTIFIER = "id.custom.ramdanix.custom-uikit-iosapp";
				PRODUCT_NAME = "$(TARGET_NAME)";
				SWIFT_VERSION = 4.0;
				TARGETED_DEVICE_FAMILY = "1,2";
			};
			name = Debug;
		};
		800D3BCF22056A3D0033D171 /* Release */ = {
			isa = XCBuildConfiguration;
			buildSettings = {
				ASSETCATALOG_COMPILER_APPICON_NAME = AppIcon;
				CODE_SIGN_STYLE = Automatic;
				DEVELOPMENT_TEAM = UB34286TT5;
				FRAMEWORK_SEARCH_PATHS = (
					"$(inherited)",
					"$(PROJECT_DIR)/Carthage/Build/iOS",
				);
				INFOPLIST_FILE = "custom-uikit-ios/Info.plist";
				LD_RUNPATH_SEARCH_PATHS = (
					"$(inherited)",
					"@executable_path/Frameworks",
				);
				PRODUCT_BUNDLE_IDENTIFIER = "id.custom.ramdanix.custom-uikit-iosapp";
				PRODUCT_NAME = "$(TARGET_NAME)";
				SWIFT_VERSION = 4.0;
				TARGETED_DEVICE_FAMILY = "1,2";
			};
			name = Release;
		};
		800D3BD122056A3D0033D171 /* Debug */ = {
			isa = XCBuildConfiguration;
			buildSettings = {
				ALWAYS_EMBED_SWIFT_STANDARD_LIBRARIES = YES;
				BUNDLE_LOADER = "$(TEST_HOST)";
				CODE_SIGN_STYLE = Automatic;
				DEVELOPMENT_TEAM = 8K928G76ZY;
				INFOPLIST_FILE = "custom-uikit-iosTests/Info.plist";
				LD_RUNPATH_SEARCH_PATHS = (
					"$(inherited)",
					"@executable_path/Frameworks",
					"@loader_path/Frameworks",
				);
				PRODUCT_BUNDLE_IDENTIFIER = "id.custom.ramdanix.custom-uikit-iosTests";
				PRODUCT_NAME = "$(TARGET_NAME)";
				SWIFT_VERSION = 4.0;
				TARGETED_DEVICE_FAMILY = "1,2";
				TEST_HOST = "$(BUILT_PRODUCTS_DIR)/custom-uikit-ios.app/custom-uikit-ios";
			};
			name = Debug;
		};
		800D3BD222056A3D0033D171 /* Release */ = {
			isa = XCBuildConfiguration;
			buildSettings = {
				ALWAYS_EMBED_SWIFT_STANDARD_LIBRARIES = YES;
				BUNDLE_LOADER = "$(TEST_HOST)";
				CODE_SIGN_STYLE = Automatic;
				DEVELOPMENT_TEAM = 8K928G76ZY;
				INFOPLIST_FILE = "custom-uikit-iosTests/Info.plist";
				LD_RUNPATH_SEARCH_PATHS = (
					"$(inherited)",
					"@executable_path/Frameworks",
					"@loader_path/Frameworks",
				);
				PRODUCT_BUNDLE_IDENTIFIER = "id.custom.ramdanix.custom-uikit-iosTests";
				PRODUCT_NAME = "$(TARGET_NAME)";
				SWIFT_VERSION = 4.0;
				TARGETED_DEVICE_FAMILY = "1,2";
				TEST_HOST = "$(BUILT_PRODUCTS_DIR)/custom-uikit-ios.app/custom-uikit-ios";
			};
			name = Release;
		};
		800D3BD422056A3D0033D171 /* Debug */ = {
			isa = XCBuildConfiguration;
			buildSettings = {
				ALWAYS_EMBED_SWIFT_STANDARD_LIBRARIES = YES;
				CODE_SIGN_STYLE = Automatic;
				DEVELOPMENT_TEAM = 8K928G76ZY;
				INFOPLIST_FILE = "custom-uikit-iosUITests/Info.plist";
				LD_RUNPATH_SEARCH_PATHS = (
					"$(inherited)",
					"@executable_path/Frameworks",
					"@loader_path/Frameworks",
				);
				PRODUCT_BUNDLE_IDENTIFIER = "id.custom.ramdanix.custom-uikit-iosUITests";
				PRODUCT_NAME = "$(TARGET_NAME)";
				SWIFT_VERSION = 4.0;
				TARGETED_DEVICE_FAMILY = "1,2";
				TEST_TARGET_NAME = "custom-uikit-ios";
			};
			name = Debug;
		};
		800D3BD522056A3D0033D171 /* Release */ = {
			isa = XCBuildConfiguration;
			buildSettings = {
				ALWAYS_EMBED_SWIFT_STANDARD_LIBRARIES = YES;
				CODE_SIGN_STYLE = Automatic;
				DEVELOPMENT_TEAM = 8K928G76ZY;
				INFOPLIST_FILE = "custom-uikit-iosUITests/Info.plist";
				LD_RUNPATH_SEARCH_PATHS = (
					"$(inherited)",
					"@executable_path/Frameworks",
					"@loader_path/Frameworks",
				);
				PRODUCT_BUNDLE_IDENTIFIER = "id.custom.ramdanix.custom-uikit-iosUITests";
				PRODUCT_NAME = "$(TARGET_NAME)";
				SWIFT_VERSION = 4.0;
				TARGETED_DEVICE_FAMILY = "1,2";
				TEST_TARGET_NAME = "custom-uikit-ios";
			};
			name = Release;
		};
/* End XCBuildConfiguration section */

/* Begin XCConfigurationList section */
		800D3B9D22056A3A0033D171 /* Build configuration list for PBXProject "custom-uikit-ios" */ = {
			isa = XCConfigurationList;
			buildConfigurations = (
				800D3BCB22056A3D0033D171 /* Debug */,
				800D3BCC22056A3D0033D171 /* Release */,
			);
			defaultConfigurationIsVisible = 0;
			defaultConfigurationName = Release;
		};
		800D3BCD22056A3D0033D171 /* Build configuration list for PBXNativeTarget "custom-uikit-ios" */ = {
			isa = XCConfigurationList;
			buildConfigurations = (
				800D3BCE22056A3D0033D171 /* Debug */,
				800D3BCF22056A3D0033D171 /* Release */,
			);
			defaultConfigurationIsVisible = 0;
			defaultConfigurationName = Release;
		};
		800D3BD022056A3D0033D171 /* Build configuration list for PBXNativeTarget "custom-uikit-iosTests" */ = {
			isa = XCConfigurationList;
			buildConfigurations = (
				800D3BD122056A3D0033D171 /* Debug */,
				800D3BD222056A3D0033D171 /* Release */,
			);
			defaultConfigurationIsVisible = 0;
			defaultConfigurationName = Release;
		};
		800D3BD322056A3D0033D171 /* Build configuration list for PBXNativeTarget "custom-uikit-iosUITests" */ = {
			isa = XCConfigurationList;
			buildConfigurations = (
				800D3BD422056A3D0033D171 /* Debug */,
				800D3BD522056A3D0033D171 /* Release */,
			);
			defaultConfigurationIsVisible = 0;
			defaultConfigurationName = Release;
		};
/* End XCConfigurationList section */

/* Begin XCVersionGroup section */
		800D3BAC22056A3A0033D171 /* custom_uikit_ios.xcdatamodeld */ = {
			isa = XCVersionGroup;
			children = (
				800D3BAD22056A3A0033D171 /* custom_uikit_ios.xcdatamodel */,
			);
			currentVersion = 800D3BAD22056A3A0033D171 /* custom_uikit_ios.xcdatamodel */;
			path = custom_uikit_ios.xcdatamodeld;
			sourceTree = "<group>";
			versionGroupType = wrapper.xcdatamodel;
		};
/* End XCVersionGroup section */
	};
	rootObject = 800D3B9A22056A3A0033D171 /* Project object */;
}
